{
  "version": 4,
  "terraform_version": "1.14.8",
  "serial": 15,
  "lineage": "514139d4-43db-b4fd-5416-61fd77a1b242",
  "outputs": {
    "services": {
      "value": {
        "grafana": "http://localhost:3000",
        "kafka": "localhost:29092",
        "minio_api": "http://localhost:9000",
        "minio_ui": "http://localhost:9001",
        "prometheus": "http://localhost:9090"
      },
      "type": [
        "object",
        {
          "grafana": "string",
          "kafka": "string",
          "minio_api": "string",
          "minio_ui": "string",
          "prometheus": "string"
        }
      ]
    }
  },
  "resources": [
    {
      "mode": "managed",
      "type": "docker_container",
      "name": "grafana",
      "provider": "provider[\"registry.terraform.io/kreuzwerker/docker\"]",
      "instances": [
        {
          "schema_version": 2,
          "attributes": {
            "attach": false,
            "bridge": "",
            "capabilities": [],
            "cgroup_parent": null,
            "cgroupns_mode": null,
            "command": [],
            "container_logs": null,
            "container_read_refresh_timeout_milliseconds": 15000,
            "cpu_period": null,
            "cpu_quota": null,
            "cpu_set": "",
            "cpu_shares": 0,
            "cpus": null,
            "destroy_grace_seconds": null,
            "devices": [],
            "dns": [],
            "dns_opts": [],
            "dns_search": [],
            "domainname": "",
            "entrypoint": [
              "/run.sh"
            ],
            "env": [
              "GF_SECURITY_ADMIN_PASSWORD=telco123",
              "GF_SECURITY_ADMIN_USER=admin",
              "GF_USERS_ALLOW_SIGN_UP=false"
            ],
            "exit_code": null,
            "gpus": null,
            "group_add": [],
            "healthcheck": [],
            "host": [],
            "hostname": "41005ab7e64b",
            "id": "41005ab7e64b94cddee4f26f76f8604004c65b5147ff4ec7c74c369cf1812bc9",
            "image": "sha256:83749231c3835e390a3144e5e940203e42b9589761f20ef3169c716e734ad505",
            "init": false,
            "ipc_mode": "private",
            "labels": [],
            "log_driver": "json-file",
            "log_opts": {},
            "logs": false,
            "max_retry_count": 0,
            "memory": 0,
            "memory_reservation": 0,
            "memory_swap": 0,
            "mounts": [],
            "must_run": true,
            "name": "telco-grafana",
            "network_data": [
              {
                "gateway": "172.28.0.1",
                "global_ipv6_address": "",
                "global_ipv6_prefix_length": 0,
                "ip_address": "172.28.0.21",
                "ip_prefix_length": 16,
                "ipv6_gateway": "",
                "mac_address": "7e:9b:5c:b4:16:77",
                "network_name": "telco-aiops-network"
              }
            ],
            "network_mode": "bridge",
            "networks_advanced": [
              {
                "aliases": [],
                "ipv4_address": "172.28.0.21",
                "ipv6_address": "",
                "mac_address": "",
                "name": "telco-aiops-network"
              }
            ],
            "pid_mode": "",
            "ports": [
              {
                "external": 3000,
                "internal": 3000,
                "ip": "0.0.0.0",
                "protocol": "tcp"
              }
            ],
            "privileged": false,
            "publish_all_ports": false,
            "read_only": false,
            "remove_volumes": true,
            "restart": "unless-stopped",
            "rm": false,
            "runtime": "runc",
            "security_opts": [],
            "shm_size": 64,
            "start": true,
            "stdin_open": false,
            "stop_signal": "",
            "stop_timeout": 0,
            "storage_opts": {},
            "sysctls": {},
            "tmpfs": {},
            "tty": false,
            "ulimit": [],
            "upload": [],
            "user": "472",
            "userns_mode": "",
            "volumes": [],
            "wait": false,
            "wait_timeout": 60,
            "working_dir": "/usr/share/grafana"
          },
          "sensitive_attributes": [],
          "identity_schema_version": 0,
          "private": "eyJzY2hlbWFfdmVyc2lvbiI6IjIifQ==",
          "dependencies": [
            "docker_container.prometheus",
            "docker_image.grafana",
            "docker_image.prometheus",
            "docker_network.telco_net"
          ]
        }
      ]
    },
    {
      "mode": "managed",
      "type": "docker_container",
      "name": "kafka",
      "provider": "provider[\"registry.terraform.io/kreuzwerker/docker\"]",
      "instances": [
        {
          "schema_version": 2,
          "attributes": {
            "attach": false,
            "bridge": "",
            "capabilities": [],
            "cgroup_parent": null,
            "cgroupns_mode": null,
            "command": [
              "/etc/confluent/docker/run"
            ],
            "container_logs": null,
            "container_read_refresh_timeout_milliseconds": 15000,
            "cpu_period": null,
            "cpu_quota": null,
            "cpu_set": "",
            "cpu_shares": 0,
            "cpus": null,
            "destroy_grace_seconds": null,
            "devices": [],
            "dns": [],
            "dns_opts": [],
            "dns_search": [],
            "domainname": "",
            "entrypoint": [],
            "env": [
              "KAFKA_ADVERTISED_LISTENERS=PLAINTEXT://172.28.0.11:9092,PLAINTEXT_HOST://localhost:29092",
              "KAFKA_AUTO_CREATE_TOPICS_ENABLE=true",
              "KAFKA_BROKER_ID=1",
              "KAFKA_INTER_BROKER_LISTENER_NAME=PLAINTEXT",
              "KAFKA_LISTENER_SECURITY_PROTOCOL_MAP=PLAINTEXT:PLAINTEXT,PLAINTEXT_HOST:PLAINTEXT",
              "KAFKA_OFFSETS_TOPIC_REPLICATION_FACTOR=1",
              "KAFKA_ZOOKEEPER_CONNECT=172.28.0.10:2181"
            ],
            "exit_code": null,
            "gpus": null,
            "group_add": [],
            "healthcheck": [],
            "host": [],
            "hostname": "41d6bf80fc06",
            "id": "41d6bf80fc06753561d9e2a3aeb3a284b4bf3588ef72a403914c8578724f7dcc",
            "image": "sha256:fbbb6fa11b258a88b83f54d4f0bddfcffbf2279f99d66a843486e3da7bdfbf41",
            "init": false,
            "ipc_mode": "private",
            "labels": [],
            "log_driver": "json-file",
            "log_opts": {},
            "logs": false,
            "max_retry_count": 0,
            "memory": 0,
            "memory_reservation": 0,
            "memory_swap": 0,
            "mounts": [],
            "must_run": true,
            "name": "telco-kafka",
            "network_data": [
              {
                "gateway": "172.28.0.1",
                "global_ipv6_address": "",
                "global_ipv6_prefix_length": 0,
                "ip_address": "172.28.0.11",
                "ip_prefix_length": 16,
                "ipv6_gateway": "",
                "mac_address": "ce:56:ac:12:d7:4a",
                "network_name": "telco-aiops-network"
              }
            ],
            "network_mode": "bridge",
            "networks_advanced": [
              {
                "aliases": [],
                "ipv4_address": "172.28.0.11",
                "ipv6_address": "",
                "mac_address": "",
                "name": "telco-aiops-network"
              }
            ],
            "pid_mode": "",
            "ports": [
              {
                "external": 9092,
                "internal": 9092,
                "ip": "0.0.0.0",
                "protocol": "tcp"
              },
              {
                "external": 29092,
                "internal": 29092,
                "ip": "0.0.0.0",
                "protocol": "tcp"
              }
            ],
            "privileged": false,
            "publish_all_ports": false,
            "read_only": false,
            "remove_volumes": true,
            "restart": "unless-stopped",
            "rm": false,
            "runtime": "runc",
            "security_opts": [],
            "shm_size": 64,
            "start": true,
            "stdin_open": false,
            "stop_signal": "",
            "stop_timeout": 0,
            "storage_opts": {},
            "sysctls": {},
            "tmpfs": {},
            "tty": false,
            "ulimit": [],
            "upload": [],
            "user": "appuser",
            "userns_mode": "",
            "volumes": [],
            "wait": false,
            "wait_timeout": 60,
            "working_dir": "/home/appuser"
          },
          "sensitive_attributes": [],
          "identity_schema_version": 0,
          "private": "eyJzY2hlbWFfdmVyc2lvbiI6IjIifQ==",
          "dependencies": [
            "docker_container.zookeeper",
            "docker_image.kafka",
            "docker_image.zookeeper",
            "docker_network.telco_net"
          ]
        }
      ]
    },
    {
      "mode": "managed",
      "type": "docker_container",
      "name": "minio",
      "provider": "provider[\"registry.terraform.io/kreuzwerker/docker\"]",
      "instances": [
        {
          "schema_version": 2,
          "attributes": {
            "attach": false,
            "bridge": "",
            "capabilities": [],
            "cgroup_parent": null,
            "cgroupns_mode": null,
            "command": [
              "server",
              "/data",
              "--console-address",
              ":9001"
            ],
            "container_logs": null,
            "container_read_refresh_timeout_milliseconds": 15000,
            "cpu_period": null,
            "cpu_quota": null,
            "cpu_set": "",
            "cpu_shares": 0,
            "cpus": null,
            "destroy_grace_seconds": null,
            "devices": [],
            "dns": [],
            "dns_opts": [],
            "dns_search": [],
            "domainname": "",
            "entrypoint": [
              "/usr/bin/docker-entrypoint.sh"
            ],
            "env": [
              "MINIO_ROOT_PASSWORD=telcopassword123",
              "MINIO_ROOT_USER=telcoadmin"
            ],
            "exit_code": null,
            "gpus": null,
            "group_add": [],
            "healthcheck": [],
            "host": [],
            "hostname": "dbb085edb449",
            "id": "dbb085edb44997abf3ac7c6951d781e0292fbb3983dd6711968ff403e524064a",
            "image": "sha256:14cea493d9a34af32f524e538b8346cf79f3321eff8e708c1e2960462bd8936e",
            "init": false,
            "ipc_mode": "private",
            "labels": [],
            "log_driver": "json-file",
            "log_opts": {},
            "logs": false,
            "max_retry_count": 0,
            "memory": 0,
            "memory_reservation": 0,
            "memory_swap": 0,
            "mounts": [],
            "must_run": true,
            "name": "telco-minio",
            "network_data": [
              {
                "gateway": "172.28.0.1",
                "global_ipv6_address": "",
                "global_ipv6_prefix_length": 0,
                "ip_address": "172.28.0.12",
                "ip_prefix_length": 16,
                "ipv6_gateway": "",
                "mac_address": "4a:69:58:ce:26:30",
                "network_name": "telco-aiops-network"
              }
            ],
            "network_mode": "bridge",
            "networks_advanced": [
              {
                "aliases": [],
                "ipv4_address": "172.28.0.12",
                "ipv6_address": "",
                "mac_address": "",
                "name": "telco-aiops-network"
              }
            ],
            "pid_mode": "",
            "ports": [
              {
                "external": 9000,
                "internal": 9000,
                "ip": "0.0.0.0",
                "protocol": "tcp"
              },
              {
                "external": 9001,
                "internal": 9001,
                "ip": "0.0.0.0",
                "protocol": "tcp"
              }
            ],
            "privileged": false,
            "publish_all_ports": false,
            "read_only": false,
            "remove_volumes": true,
            "restart": "unless-stopped",
            "rm": false,
            "runtime": "runc",
            "security_opts": [],
            "shm_size": 64,
            "start": true,
            "stdin_open": false,
            "stop_signal": "",
            "stop_timeout": 0,
            "storage_opts": {},
            "sysctls": {},
            "tmpfs": {},
            "tty": false,
            "ulimit": [],
            "upload": [],
            "user": "",
            "userns_mode": "",
            "volumes": [
              {
                "container_path": "/data",
                "from_container": "",
                "host_path": "/tmp/telco-minio-data",
                "read_only": false,
                "volume_name": ""
              }
            ],
            "wait": false,
            "wait_timeout": 60,
            "working_dir": "/"
          },
          "sensitive_attributes": [],
          "identity_schema_version": 0,
          "private": "eyJzY2hlbWFfdmVyc2lvbiI6IjIifQ==",
          "dependencies": [
            "docker_image.minio",
            "docker_network.telco_net"
          ]
        }
      ]
    },
    {
      "mode": "managed",
      "type": "docker_container",
      "name": "prometheus",
      "provider": "provider[\"registry.terraform.io/kreuzwerker/docker\"]",
      "instances": [
        {
          "schema_version": 2,
          "attributes": {
            "attach": false,
            "bridge": "",
            "capabilities": [],
            "cgroup_parent": null,
            "cgroupns_mode": null,
            "command": [
              "--config.file=/etc/prometheus/prometheus.yml",
              "--storage.tsdb.path=/prometheus"
            ],
            "container_logs": null,
            "container_read_refresh_timeout_milliseconds": 15000,
            "cpu_period": null,
            "cpu_quota": null,
            "cpu_set": "",
            "cpu_shares": 0,
            "cpus": null,
            "destroy_grace_seconds": null,
            "devices": [],
            "dns": [],
            "dns_opts": [],
            "dns_search": [],
            "domainname": "",
            "entrypoint": [
              "/bin/prometheus"
            ],
            "env": [],
            "exit_code": null,
            "gpus": null,
            "group_add": [],
            "healthcheck": [],
            "host": [],
            "hostname": "701f559dd9af",
            "id": "701f559dd9afa061ba20d25a3fa08d30bb9103ecc456acb8d728b372b8f56191",
            "image": "sha256:759ea6db49103737f2a6f420b0d1632062d8ad99dec086c76db605fd0bf23e15",
            "init": false,
            "ipc_mode": "private",
            "labels": [],
            "log_driver": "json-file",
            "log_opts": {},
            "logs": false,
            "max_retry_count": 0,
            "memory": 0,
            "memory_reservation": 0,
            "memory_swap": 0,
            "mounts": [],
            "must_run": true,
            "name": "telco-prometheus",
            "network_data": [
              {
                "gateway": "172.28.0.1",
                "global_ipv6_address": "",
                "global_ipv6_prefix_length": 0,
                "ip_address": "172.28.0.20",
                "ip_prefix_length": 16,
                "ipv6_gateway": "",
                "mac_address": "ee:e5:91:35:ca:95",
                "network_name": "telco-aiops-network"
              }
            ],
            "network_mode": "bridge",
            "networks_advanced": [
              {
                "aliases": [],
                "ipv4_address": "172.28.0.20",
                "ipv6_address": "",
                "mac_address": "",
                "name": "telco-aiops-network"
              }
            ],
            "pid_mode": "",
            "ports": [
              {
                "external": 9090,
                "internal": 9090,
                "ip": "0.0.0.0",
                "protocol": "tcp"
              }
            ],
            "privileged": false,
            "publish_all_ports": false,
            "read_only": false,
            "remove_volumes": true,
            "restart": "unless-stopped",
            "rm": false,
            "runtime": "runc",
            "security_opts": [],
            "shm_size": 64,
            "start": true,
            "stdin_open": false,
            "stop_signal": "",
            "stop_timeout": 0,
            "storage_opts": {},
            "sysctls": {},
            "tmpfs": {},
            "tty": false,
            "ulimit": [],
            "upload": [],
            "user": "nobody",
            "userns_mode": "",
            "volumes": [
              {
                "container_path": "/etc/prometheus/prometheus.yml",
                "from_container": "",
                "host_path": "C:/Users/lapt1/Downloads/aiops/monitoring/prometheus.yml",
                "read_only": true,
                "volume_name": ""
              }
            ],
            "wait": false,
            "wait_timeout": 60,
            "working_dir": "/prometheus"
          },
          "sensitive_attributes": [],
          "identity_schema_version": 0,
          "private": "eyJzY2hlbWFfdmVyc2lvbiI6IjIifQ==",
          "dependencies": [
            "docker_image.prometheus",
            "docker_network.telco_net"
          ]
        }
      ]
    },
    {
      "mode": "managed",
      "type": "docker_container",
      "name": "zookeeper",
      "provider": "provider[\"registry.terraform.io/kreuzwerker/docker\"]",
      "instances": [
        {
          "schema_version": 2,
          "attributes": {
            "attach": false,
            "bridge": "",
            "capabilities": [],
            "cgroup_parent": null,
            "cgroupns_mode": null,
            "command": [
              "/etc/confluent/docker/run"
            ],
            "container_logs": null,
            "container_read_refresh_timeout_milliseconds": 15000,
            "cpu_period": null,
            "cpu_quota": null,
            "cpu_set": "",
            "cpu_shares": 0,
            "cpus": null,
            "destroy_grace_seconds": null,
            "devices": [],
            "dns": [],
            "dns_opts": [],
            "dns_search": [],
            "domainname": "",
            "entrypoint": [],
            "env": [
              "ZOOKEEPER_CLIENT_PORT=2181",
              "ZOOKEEPER_TICK_TIME=2000"
            ],
            "exit_code": null,
            "gpus": null,
            "group_add": [],
            "healthcheck": [],
            "host": [],
            "hostname": "bb5d1ff65198",
            "id": "bb5d1ff651988b2fece2b735c46f4e8a941bd16842312e14e6fe536757a35947",
            "image": "sha256:02f6c042bb9a7844382fc4cedc513a44585d8a5acae873fb9e510e3ca9dcabc6",
            "init": false,
            "ipc_mode": "private",
            "labels": [],
            "log_driver": "json-file",
            "log_opts": {},
            "logs": false,
            "max_retry_count": 0,
            "memory": 0,
            "memory_reservation": 0,
            "memory_swap": 0,
            "mounts": [],
            "must_run": true,
            "name": "telco-zookeeper",
            "network_data": [
              {
                "gateway": "172.28.0.1",
                "global_ipv6_address": "",
                "global_ipv6_prefix_length": 0,
                "ip_address": "172.28.0.10",
                "ip_prefix_length": 16,
                "ipv6_gateway": "",
                "mac_address": "9a:5d:92:59:a0:bc",
                "network_name": "telco-aiops-network"
              }
            ],
            "network_mode": "bridge",
            "networks_advanced": [
              {
                "aliases": [],
                "ipv4_address": "172.28.0.10",
                "ipv6_address": "",
                "mac_address": "",
                "name": "telco-aiops-network"
              }
            ],
            "pid_mode": "",
            "ports": [
              {
                "external": 2181,
                "internal": 2181,
                "ip": "0.0.0.0",
                "protocol": "tcp"
              }
            ],
            "privileged": false,
            "publish_all_ports": false,
            "read_only": false,
            "remove_volumes": true,
            "restart": "unless-stopped",
            "rm": false,
            "runtime": "runc",
            "security_opts": [],
            "shm_size": 64,
            "start": true,
            "stdin_open": false,
            "stop_signal": "",
            "stop_timeout": 0,
            "storage_opts": {},
            "sysctls": {},
            "tmpfs": {},
            "tty": false,
            "ulimit": [],
            "upload": [],
            "user": "appuser",
            "userns_mode": "",
            "volumes": [],
            "wait": false,
            "wait_timeout": 60,
            "working_dir": "/home/appuser"
          },
          "sensitive_attributes": [],
          "identity_schema_version": 0,
          "private": "eyJzY2hlbWFfdmVyc2lvbiI6IjIifQ==",
          "dependencies": [
            "docker_image.zookeeper",
            "docker_network.telco_net"
          ]
        }
      ]
    },
    {
      "mode": "managed",
      "type": "docker_image",
      "name": "grafana",
      "provider": "provider[\"registry.terraform.io/kreuzwerker/docker\"]",
      "instances": [
        {
          "schema_version": 0,
          "attributes": {
            "build": [],
            "force_remove": null,
            "id": "sha256:83749231c3835e390a3144e5e940203e42b9589761f20ef3169c716e734ad505grafana/grafana:latest",
            "image_id": "sha256:83749231c3835e390a3144e5e940203e42b9589761f20ef3169c716e734ad505",
            "keep_locally": true,
            "name": "grafana/grafana:latest",
            "platform": null,
            "pull_triggers": null,
            "repo_digest": "grafana/grafana@sha256:83749231c3835e390a3144e5e940203e42b9589761f20ef3169c716e734ad505",
            "timeouts": null,
            "triggers": null
          },
          "sensitive_attributes": [],
          "identity_schema_version": 0,
          "private": "eyJlMmJmYjczMC1lY2FhLTExZTYtOGY4OC0zNDM2M2JjN2M0YzAiOnsiY3JlYXRlIjoxMjAwMDAwMDAwMDAwLCJkZWxldGUiOjEyMDAwMDAwMDAwMDAsInVwZGF0ZSI6MTIwMDAwMDAwMDAwMH19"
        }
      ]
    },
    {
      "mode": "managed",
      "type": "docker_image",
      "name": "kafka",
      "provider": "provider[\"registry.terraform.io/kreuzwerker/docker\"]",
      "instances": [
        {
          "schema_version": 0,
          "attributes": {
            "build": [],
            "force_remove": null,
            "id": "sha256:fbbb6fa11b258a88b83f54d4f0bddfcffbf2279f99d66a843486e3da7bdfbf41confluentinc/cp-kafka:7.5.0",
            "image_id": "sha256:fbbb6fa11b258a88b83f54d4f0bddfcffbf2279f99d66a843486e3da7bdfbf41",
            "keep_locally": true,
            "name": "confluentinc/cp-kafka:7.5.0",
            "platform": null,
            "pull_triggers": null,
            "repo_digest": "confluentinc/cp-kafka@sha256:fbbb6fa11b258a88b83f54d4f0bddfcffbf2279f99d66a843486e3da7bdfbf41",
            "timeouts": null,
            "triggers": null
          },
          "sensitive_attributes": [],
          "identity_schema_version": 0,
          "private": "eyJlMmJmYjczMC1lY2FhLTExZTYtOGY4OC0zNDM2M2JjN2M0YzAiOnsiY3JlYXRlIjoxMjAwMDAwMDAwMDAwLCJkZWxldGUiOjEyMDAwMDAwMDAwMDAsInVwZGF0ZSI6MTIwMDAwMDAwMDAwMH19"
        }
      ]
    },
    {
      "mode": "managed",
      "type": "docker_image",
      "name": "minio",
      "provider": "provider[\"registry.terraform.io/kreuzwerker/docker\"]",
      "instances": [
        {
          "schema_version": 0,
          "attributes": {
            "build": [],
            "force_remove": null,
            "id": "sha256:14cea493d9a34af32f524e538b8346cf79f3321eff8e708c1e2960462bd8936eminio/minio:latest",
            "image_id": "sha256:14cea493d9a34af32f524e538b8346cf79f3321eff8e708c1e2960462bd8936e",
            "keep_locally": true,
            "name": "minio/minio:latest",
            "platform": null,
            "pull_triggers": null,
            "repo_digest": "minio/minio@sha256:14cea493d9a34af32f524e538b8346cf79f3321eff8e708c1e2960462bd8936e",
            "timeouts": null,
            "triggers": null
          },
          "sensitive_attributes": [],
          "identity_schema_version": 0,
          "private": "eyJlMmJmYjczMC1lY2FhLTExZTYtOGY4OC0zNDM2M2JjN2M0YzAiOnsiY3JlYXRlIjoxMjAwMDAwMDAwMDAwLCJkZWxldGUiOjEyMDAwMDAwMDAwMDAsInVwZGF0ZSI6MTIwMDAwMDAwMDAwMH19"
        }
      ]
    },
    {
      "mode": "managed",
      "type": "docker_image",
      "name": "prometheus",
      "provider": "provider[\"registry.terraform.io/kreuzwerker/docker\"]",
      "instances": [
        {
          "schema_version": 0,
          "attributes": {
            "build": [],
            "force_remove": null,
            "id": "sha256:759ea6db49103737f2a6f420b0d1632062d8ad99dec086c76db605fd0bf23e15prom/prometheus:latest",
            "image_id": "sha256:759ea6db49103737f2a6f420b0d1632062d8ad99dec086c76db605fd0bf23e15",
            "keep_locally": true,
            "name": "prom/prometheus:latest",
            "platform": null,
            "pull_triggers": null,
            "repo_digest": "prom/prometheus@sha256:759ea6db49103737f2a6f420b0d1632062d8ad99dec086c76db605fd0bf23e15",
            "timeouts": null,
            "triggers": null
          },
          "sensitive_attributes": [],
          "identity_schema_version": 0,
          "private": "eyJlMmJmYjczMC1lY2FhLTExZTYtOGY4OC0zNDM2M2JjN2M0YzAiOnsiY3JlYXRlIjoxMjAwMDAwMDAwMDAwLCJkZWxldGUiOjEyMDAwMDAwMDAwMDAsInVwZGF0ZSI6MTIwMDAwMDAwMDAwMH19"
        }
      ]
    },
    {
      "mode": "managed",
      "type": "docker_image",
      "name": "zookeeper",
      "provider": "provider[\"registry.terraform.io/kreuzwerker/docker\"]",
      "instances": [
        {
          "schema_version": 0,
          "attributes": {
            "build": [],
            "force_remove": null,
            "id": "sha256:02f6c042bb9a7844382fc4cedc513a44585d8a5acae873fb9e510e3ca9dcabc6confluentinc/cp-zookeeper:7.5.0",
            "image_id": "sha256:02f6c042bb9a7844382fc4cedc513a44585d8a5acae873fb9e510e3ca9dcabc6",
            "keep_locally": true,
            "name": "confluentinc/cp-zookeeper:7.5.0",
            "platform": null,
            "pull_triggers": null,
            "repo_digest": "confluentinc/cp-zookeeper@sha256:02f6c042bb9a7844382fc4cedc513a44585d8a5acae873fb9e510e3ca9dcabc6",
            "timeouts": null,
            "triggers": null
          },
          "sensitive_attributes": [],
          "identity_schema_version": 0,
          "private": "eyJlMmJmYjczMC1lY2FhLTExZTYtOGY4OC0zNDM2M2JjN2M0YzAiOnsiY3JlYXRlIjoxMjAwMDAwMDAwMDAwLCJkZWxldGUiOjEyMDAwMDAwMDAwMDAsInVwZGF0ZSI6MTIwMDAwMDAwMDAwMH19"
        }
      ]
    },
    {
      "mode": "managed",
      "type": "docker_network",
      "name": "telco_net",
      "provider": "provider[\"registry.terraform.io/kreuzwerker/docker\"]",
      "instances": [
        {
          "schema_version": 1,
          "attributes": {
            "attachable": false,
            "check_duplicate": null,
            "driver": "bridge",
            "id": "51ac9da49427f77c66df723f1a27880f22d805432810ec56a17db5556f311913",
            "ingress": false,
            "internal": false,
            "ipam_config": [
              {
                "aux_address": {},
                "gateway": "172.28.0.1",
                "ip_range": "",
                "subnet": "172.28.0.0/16"
              }
            ],
            "ipam_driver": "default",
            "ipam_options": {},
            "ipv6": false,
            "labels": [],
            "name": "telco-aiops-network",
            "options": {
              "com.docker.network.enable_ipv4": "true",
              "com.docker.network.enable_ipv6": "false"
            },
            "scope": "local"
          },
          "sensitive_attributes": [],
          "identity_schema_version": 0,
          "private": "eyJzY2hlbWFfdmVyc2lvbiI6IjEifQ=="
        }
      ]
    }
  ],
  "check_results": null
}
